// !$*UTF8*$!
{
	archiveVersion = 1;
	classes = {
	};
	objectVersion = 50;
	objects = {

/* Begin PBXBuildFile section */
		F9CF3CC02649D92700333E70 /* AppDelegate.m in Sources */ = {isa = PBXBuildFile; fileRef = F9CF3CBF2649D92700333E70 /* AppDelegate.m */; };
		F9CF3CC22649D92800333E70 /* Assets.xcassets in Resources */ = {isa = PBXBuildFile; fileRef = F9CF3CC12649D92800333E70 /* Assets.xcassets */; };
		F9CF3CC52649D92800333E70 /* MainMenu.xib in Resources */ = {isa = PBXBuildFile; fileRef = F9CF3CC32649D92800333E70 /* MainMenu.xib */; };
		F9CF3CC82649D92800333E70 /* main.m in Sources */ = {isa = PBXBuildFile; fileRef = F9CF3CC72649D92800333E70 /* main.m */; };
/* End PBXBuildFile section */

/* Begin PBXFileReference section */
		F9CF3CBB2649D92700333E70 /* IOConnectCallScalarMethod_Issue_AppleFB.app */ = {isa = PBXFileReference; explicitFileType = wrapper.application; includeInIndex = 0; path = IOConnectCallScalarMethod_Issue_AppleFB.app; sourceTree = BUILT_PRODUCTS_DIR; };
		F9CF3CBE2649D92700333E70 /* AppDelegate.h */ = {isa = PBXFileReference; lastKnownFileType = sourcecode.c.h; path = AppDelegate.h; sourceTree = "<group>"; };
		F9CF3CBF2649D92700333E70 /* AppDelegate.m */ = {isa = PBXFileReference; lastKnownFileType = sourcecode.c.objc; path = AppDelegate.m; sourceTree = "<group>"; };
		F9CF3CC12649D92800333E70 /* Assets.xcassets */ = {isa = PBXFileReference; lastKnownFileType = folder.assetcatalog; path = Assets.xcassets; sourceTree = "<group>"; };
		F9CF3CC42649D92800333E70 /* Base */ = {isa = PBXFileReference; lastKnownFileType = file.xib; name = Base; path = Base.lproj/MainMenu.xib; sourceTree = "<group>"; };
		F9CF3CC62649D92800333E70 /* Info.plist */ = {isa = PBXFileReference; lastKnownFileType = text.plist.xml; path = Info.plist; sourceTree = "<group>"; };
		F9CF3CC72649D92800333E70 /* main.m */ = {isa = PBXFileReference; lastKnownFileType = sourcecode.c.objc; path = main.m; sourceTree = "<group>"; };
		F9CF3CC92649D92800333E70 /* IOConnectCallScalarMethod_Issue_AppleFB.entitlements */ = {isa = PBXFileReference; lastKnownFileType = text.plist.entitlements; path = IOConnectCallScalarMethod_Issue_AppleFB.entitlements; sourceTree = "<group>"; };
/* End PBXFileReference section */

/* Begin PBXFrameworksBuildPhase section */
		F9CF3CB82649D92700333E70 /* Frameworks */ = {
			isa = PBXFrameworksBuildPhase;
			buildActionMask = 2147483647;
			files = (
			);
			runOnlyForDeploymentPostprocessing = 0;
		};
/* End PBXFrameworksBuildPhase section */

/* Begin PBXGroup section */
		F9CF3CB22649D92700333E70 = {
			isa = PBXGroup;
			children = (
				F9CF3CBD2649D92700333E70 /* IOConnectCallScalarMethod_Issue_AppleFB */,
				F9CF3CBC2649D92700333E70 /* Products */,
			);
			sourceTree = "<group>";
		};
		F9CF3CBC2649D92700333E70 /* Products */ = {
			isa = PBXGroup;
			children = (
				F9CF3CBB2649D92700333E70 /* IOConnectCallScalarMethod_Issue_AppleFB.app */,
			);
			name = Products;
			sourceTree = "<group>";
		};
		F9CF3CBD2649D92700333E70 /* IOConnectCallScalarMethod_Issue_AppleFB */ = {
			isa = PBXGroup;
			children = (
				F9CF3CBE2649D92700333E70 /* AppDelegate.h */,
				F9CF3CBF2649D92700333E70 /* AppDelegate.m */,
				F9CF3CC12649D92800333E70 /* Assets.xcassets */,
				F9CF3CC32649D92800333E70 /* MainMenu.xib */,
				F9CF3CC62649D92800333E70 /* Info.plist */,
				F9CF3CC72649D92800333E70 /* main.m */,
				F9CF3CC92649D92800333E70 /* IOConnectCallScalarMethod_Issue_AppleFB.entitlements */,
			);
			path = IOConnectCallScalarMethod_Issue_AppleFB;
			sourceTree = "<group>";
		};
/* End PBXGroup section */

/* Begin PBXNativeTarget section */
		F9CF3CBA2649D92700333E70 /* IOConnectCallScalarMethod_Issue_AppleFB */ = {
			isa = PBXNativeTarget;
			buildConfigurationList = F9CF3CCC2649D92800333E70 /* Build configuration list for PBXNativeTarget "IOConnectCallScalarMethod_Issue_AppleFB" */;
			buildPhases = (
				F9CF3CB72649D92700333E70 /* Sources */,
				F9CF3CB82649D92700333E70 /* Frameworks */,
				F9CF3CB92649D92700333E70 /* Resources */,
			);
			buildRules = (
			);
			dependencies = (
			);
			name = IOConnectCallScalarMethod_Issue_AppleFB;
			productName = IOConnectCallScalarMethod_Issue_AppleFB;
			productReference = F9CF3CBB2649D92700333E70 /* IOConnectCallScalarMethod_Issue_AppleFB.app */;
			productType = "com.apple.product-type.application";
		};
/* End PBXNativeTarget section */

/* Begin PBXProject section */
		F9CF3CB32649D92700333E70 /* Project object */ = {
			isa = PBXProject;
			attributes = {
				LastUpgradeCheck = 1250;
				TargetAttributes = {
					F9CF3CBA2649D92700333E70 = {
						CreatedOnToolsVersion = 12.5;
					};
				};
			};
			buildConfigurationList = F9CF3CB62649D92700333E70 /* Build configuration list for PBXProject "IOConnectCallScalarMethod_Issue_AppleFB" */;
			compatibilityVersion = "Xcode 9.3";
			developmentRegion = en;
			hasScannedForEncodings = 0;
			knownRegions = (
				en,
				Base,
			);
			mainGroup = F9CF3CB22649D92700333E70;
			productRefGroup = F9CF3CBC2649D92700333E70 /* Products */;
			projectDirPath = "";
			projectRoot = "";
			targets = (
				F9CF3CBA2649D92700333E70 /* IOConnectCallScalarMethod_Issue_AppleFB */,
			);
		};
/* End PBXProject section */

/* Begin PBXResourcesBuildPhase section */
		F9CF3CB92649D92700333E70 /* Resources */ = {
			isa = PBXResourcesBuildPhase;
			buildActionMask = 2147483647;
			files = (
				F9CF3CC22649D92800333E70 /* Assets.xcassets in Resources */,
				F9CF3CC52649D92800333E70 /* MainMenu.xib in Resources */,
			);
			runOnlyForDeploymentPostprocessing = 0;
		};
/* End PBXResourcesBuildPhase section */

/* Begin PBXSourcesBuildPhase section */
		F9CF3CB72649D92700333E70 /* Sources */ = {
			isa = PBXSourcesBuildPhase;
			buildActionMask = 2147483647;
			files = (
				F9CF3CC82649D92800333E70 /* main.m in Sources */,
				F9CF3CC02649D92700333E70 /* AppDelegate.m in Sources */,
			);
			runOnlyForDeploymentPostprocessing = 0;
		};
/* End PBXSourcesBuildPhase section */

/* Begin PBXVariantGroup section */
		F9CF3CC32649D92800333E70 /* MainMenu.xib */ = {
			isa = PBXVariantGroup;
			children = (
				F9CF3CC42649D92800333E70 /* Base */,
			);
			name = MainMenu.xib;
			sourceTree = "<group>";
		};
/* End PBXVariantGroup section */

/* Begin XCBuildConfiguration section */
		F9CF3CCA2649D92800333E70 /* Debug */ = {
			isa = XCBuildConfiguration;
			buildSettings = {
				ALWAYS_SEARCH_USER_PATHS = NO;
				CLANG_ANALYZER_NONNULL = YES;
				CLANG_ANALYZER_NUMBER_OBJECT_CONVERSION = YES_AGGRESSIVE;
				CLANG_CXX_LANGUAGE_STANDARD = "gnu++14";
				CLANG_CXX_LIBRARY = "libc++";
				CLANG_ENABLE_MODULES = YES;
				CLANG_ENABLE_OBJC_ARC = YES;
				CLANG_ENABLE_OBJC_WEAK = YES;
				CLANG_WARN_BLOCK_CAPTURE_AUTORELEASING = YES;
				CLANG_WARN_BOOL_CONVERSION = YES;
				CLANG_WARN_COMMA = YES;
				CLANG_WARN_CONSTANT_CONVERSION = YES;
				CLANG_WARN_DEPRECATED_OBJC_IMPLEMENTATIONS = YES;
				CLANG_WARN_DIRECT_OBJC_ISA_USAGE = YES_ERROR;
				CLANG_WARN_DOCUMENTATION_COMMENTS = YES;
				CLANG_WARN_EMPTY_BODY = YES;
				CLANG_WARN_ENUM_CONVERSION = YES;
				CLANG_WARN_INFINITE_RECURSION = YES;
				CLANG_WARN_INT_CONVERSION = YES;
				CLANG_WARN_NON_LITERAL_NULL_CONVERSION = YES;
				CLANG_WARN_OBJC_IMPLICIT_RETAIN_SELF = YES;
				CLANG_WARN_OBJC_LITERAL_CONVERSION = YES;
				CLANG_WARN_OBJC_ROOT_CLASS = YES_ERROR;
				CLANG_WARN_QUOTED_INCLUDE_IN_FRAMEWORK_HEADER = YES;
				CLANG_WARN_RANGE_LOOP_ANALYSIS = YES;
				CLANG_WARN_STRICT_PROTOTYPES = YES;
				CLANG_WARN_SUSPICIOUS_MOVE = YES;
				CLANG_WARN_UNGUARDED_AVAILABILITY = YES_AGGRESSIVE;
				CLANG_WARN_UNREACHABLE_CODE = YES;
				CLANG_WARN__DUPLICATE_METHOD_MATCH = YES;
				COPY_PHASE_STRIP = NO;
				DEBUG_INFORMATION_FORMAT = dwarf;
				ENABLE_STRICT_OBJC_MSGSEND = YES;
				ENABLE_TESTABILITY = YES;
				GCC_C_LANGUAGE_STANDARD = gnu11;
				GCC_DYNAMIC_NO_PIC = NO;
				GCC_NO_COMMON_BLOCKS = YES;
				GCC_OPTIMIZATION_LEVEL = 0;
				GCC_PREPROCESSOR_DEFINITIONS = (
					"DEBUG=1",
					"$(inherited)",
				);
				GCC_WARN_64_TO_32_BIT_CONVERSION = YES;
				GCC_WARN_ABOUT_RETURN_TYPE = YES_ERROR;
				GCC_WARN_UNDECLARED_SELECTOR = YES;
				GCC_WARN_UNINITIALIZED_AUTOS = YES_AGGRESSIVE;
				GCC_WARN_UNUSED_FUNCTION = YES;
				GCC_WARN_UNUSED_VARIABLE = YES;
				MACOSX_DEPLOYMENT_TARGET = 11.3;
				MTL_ENABLE_DEBUG_INFO = INCLUDE_SOURCE;
				MTL_FAST_MATH = YES;
				ONLY_ACTIVE_ARCH = YES;
				SDKROOT = macosx;
			};
			name = Debug;
		};
		F9CF3CCB2649D92800333E70 /* Release */ = {
			isa = XCBuildConfiguration;
			buildSettings = {
				ALWAYS_SEARCH_USER_PATHS = NO;
				CLANG_ANALYZER_NONNULL = YES;
				CLANG_ANALYZER_NUMBER_OBJECT_CONVERSION = YES_AGGRESSIVE;
				CLANG_CXX_LANGUAGE_STANDARD = "gnu++14";
				CLANG_CXX_LIBRARY = "libc++";
				CLANG_ENABLE_MODULES = YES;
				CLANG_ENABLE_OBJC_ARC = YES;
				CLANG_ENABLE_OBJC_WEAK = YES;
				CLANG_WARN_BLOCK_CAPTURE_AUTORELEASING = YES;
				CLANG_WARN_BOOL_CONVERSION = YES;
				CLANG_WARN_COMMA = YES;
				CLANG_WARN_CONSTANT_CONVERSION = YES;
				CLANG_WARN_DEPRECATED_OBJC_IMPLEMENTATIONS = YES;
				CLANG_WARN_DIRECT_OBJC_ISA_USAGE = YES_ERROR;
				CLANG_WARN_DOCUMENTATION_COMMENTS = YES;
				CLANG_WARN_EMPTY_BODY = YES;
				CLANG_WARN_ENUM_CONVERSION = YES;
				CLANG_WARN_INFINITE_RECURSION = YES;
				CLANG_WARN_INT_CONVERSION = YES;
				CLANG_WARN_NON_LITERAL_NULL_CONVERSION = YES;
				CLANG_WARN_OBJC_IMPLICIT_RETAIN_SELF = YES;
				CLANG_WARN_OBJC_LITERAL_CONVERSION = YES;
				CLANG_WARN_OBJC_ROOT_CLASS = YES_ERROR;
				CLANG_WARN_QUOTED_INCLUDE_IN_FRAMEWORK_HEADER = YES;
				CLANG_WARN_RANGE_LOOP_ANALYSIS = YES;
				CLANG_WARN_STRICT_PROTOTYPES = YES;
				CLANG_WARN_SUSPICIOUS_MOVE = YES;
				CLANG_WARN_UNGUARDED_AVAILABILITY = YES_AGGRESSIVE;
				CLANG_WARN_UNREACHABLE_CODE = YES;
				CLANG_WARN__DUPLICATE_METHOD_MATCH = YES;
				COPY_PHASE_STRIP = NO;
				DEBUG_INFORMATION_FORMAT = "dwarf-with-dsym";
				ENABLE_NS_ASSERTIONS = NO;
				ENABLE_STRICT_OBJC_MSGSEND = YES;
				GCC_C_LANGUAGE_STANDARD = gnu11;
				GCC_NO_COMMON_BLOCKS = YES;
				GCC_WARN_64_TO_32_BIT_CONVERSION = YES;
				GCC_WARN_ABOUT_RETURN_TYPE = YES_ERROR;
				GCC_WARN_UNDECLARED_SELECTOR = YES;
				GCC_WARN_UNINITIALIZED_AUTOS = YES_AGGRESSIVE;
				GCC_WARN_UNUSED_FUNCTION = YES;
				GCC_WARN_UNUSED_VARIABLE = YES;
				MACOSX_DEPLOYMENT_TARGET = 11.3;
				MTL_ENABLE_DEBUG_INFO = NO;
				MTL_FAST_MATH = YES;
				SDKROOT = macosx;
			};
			name = Release;
		};
		F9CF3CCD2649D92800333E70 /* Debug */ = {
			isa = XCBuildConfiguration;
			buildSettings = {
				ASSETCATALOG_COMPILER_APPICON_NAME = AppIcon;
				ASSETCATALOG_COMPILER_GLOBAL_ACCENT_COLOR_NAME = AccentColor;
				CODE_SIGN_ENTITLEMENTS = IOConnectCallScalarMethod_Issue_AppleFB/IOConnectCallScalarMethod_Issue_AppleFB.entitlements;
				CODE_SIGN_STYLE = Automatic;
				COMBINE_HIDPI_IMAGES = YES;
				DEVELOPMENT_TEAM = "";
				ENABLE_HARDENED_RUNTIME = YES;
				INFOPLIST_FILE = IOConnectCallScalarMethod_Issue_AppleFB/Info.plist;
				LD_RUNPATH_SEARCH_PATHS = (
					"$(inherited)",
					"@executable_path/../Frameworks",
				);
				PRODUCT_BUNDLE_IDENTIFIER = "com.if.IOConnectCallScalarMethod-Issue-AppleFB";
				PRODUCT_NAME = "$(TARGET_NAME)";
			};
			name = Debug;
		};
		F9CF3CCE2649D92800333E70 /* Release */ = {
			isa = XCBuildConfiguration;
			buildSettings = {
				ASSETCATALOG_COMPILER_APPICON_NAME = AppIcon;
				ASSETCATALOG_COMPILER_GLOBAL_ACCENT_COLOR_NAME = AccentColor;
				CODE_SIGN_ENTITLEMENTS = IOConnectCallScalarMethod_Issue_AppleFB/IOConnectCallScalarMethod_Issue_AppleFB.entitlements;
				CODE_SIGN_STYLE = Automatic;
				COMBINE_HIDPI_IMAGES = YES;
				DEVELOPMENT_TEAM = "";
				ENABLE_HARDENED_RUNTIME = YES;
				INFOPLIST_FILE = IOConnectCallScalarMethod_Issue_AppleFB/Info.plist;
				LD_RUNPATH_SEARCH_PATHS = (
					"$(inherited)",
					"@executable_path/../Frameworks",
				);
				PRODUCT_BUNDLE_IDENTIFIER = "com.if.IOConnectCallScalarMethod-Issue-AppleFB";
				PRODUCT_NAME = "$(TARGET_NAME)";
			};
			name = Release;
		};
/* End XCBuildConfiguration section */

/* Begin XCConfigurationList section */
		F9CF3CB62649D92700333E70 /* Build configuration list for PBXProject "IOConnectCallScalarMethod_Issue_AppleFB" */ = {
			isa = XCConfigurationList;
			buildConfigurations = (
				F9CF3CCA2649D92800333E70 /* Debug */,
				F9CF3CCB2649D92800333E70 /* Release */,
			);
			defaultConfigurationIsVisible = 0;
			defaultConfigurationName = Release;
		};
		F9CF3CCC2649D92800333E70 /* Build configuration list for PBXNativeTarget "IOConnectCallScalarMethod_Issue_AppleFB" */ = {
			isa = XCConfigurationList;
			buildConfigurations = (
				F9CF3CCD2649D92800333E70 /* Debug */,
				F9CF3CCE2649D92800333E70 /* Release */,
			);
			defaultConfigurationIsVisible = 0;
			defaultConfigurationName = Release;
		};
/* End XCConfigurationList section */
	};
	rootObject = F9CF3CB32649D92700333E70 /* Project object */;
}
